Microsoft Visual Studio Solution File, Format Version 12.00
# Visual Studio Version 17
VisualStudioVersion = 17.5.2.0
MinimumVisualStudioVersion = 10.0.40219.1
Project("{FAE04EC0-301F-11D3-BF4B-00C04F79EFBC}") = "retailCLDVportal", "retailCLDVportal.csproj", "{50999703-3D3F-0735-264A-57F52E81C53D}"
EndProject
Global
	GlobalSection(SolutionConfigurationPlatforms) = preSolution
		Debug|Any CPU = Debug|Any CPU
		Release|Any CPU = Release|Any CPU
	EndGlobalSection
	GlobalSection(ProjectConfigurationPlatforms) = postSolution
		{50999703-3D3F-0735-264A-57F52E81C53D}.Debug|Any CPU.ActiveCfg = Debug|Any CPU
		{50999703-3D3F-0735-264A-57F52E81C53D}.Debug|Any CPU.Build.0 = Debug|Any CPU
		{50999703-3D3F-0735-264A-57F52E81C53D}.Release|Any CPU.ActiveCfg = Release|Any CPU
		{50999703-3D3F-0735-264A-57F52E81C53D}.Release|Any CPU.Build.0 = Release|Any CPU
	EndGlobalSection
	GlobalSection(SolutionProperties) = preSolution
		HideSolutionNode = FALSE
	EndGlobalSection
	GlobalSection(ExtensibilityGlobals) = postSolution
		SolutionGuid = {4AE55D9F-C3EC-4016-9AF1-F1D18C5CEB1C}
	EndGlobalSection
EndGlobal
